
Microsoft Visual Studio Solution File, Format Version 11.00
# Visual Studio 2010
Project("{FAE04EC0-301F-11D3-BF4B-00C04F79EFBC}") = "Dry_drag", "Assembly-CSharp.csproj", "{0558D14A-6D3B-F8BB-8C9B-23D941A401E7}"
EndProject
Project("{FAE04EC0-301F-11D3-BF4B-00C04F79EFBC}") = "Dry_drag", "Assembly-CSharp-Editor.csproj", "{70971992-99D5-FDC7-61FD-1F23FA213CA7}"
EndProject
Global
	GlobalSection(SolutionConfigurationPlatforms) = preSolution
		Debug|Any CPU = Debug|Any CPU
		Release|Any CPU = Release|Any CPU
	EndGlobalSection
	GlobalSection(ProjectConfigurationPlatforms) = postSolution
		{0558D14A-6D3B-F8BB-8C9B-23D941A401E7}.Debug|Any CPU.ActiveCfg = Debug|Any CPU
		{0558D14A-6D3B-F8BB-8C9B-23D941A401E7}.Debug|Any CPU.Build.0 = Debug|Any CPU
		{0558D14A-6D3B-F8BB-8C9B-23D941A401E7}.Release|Any CPU.ActiveCfg = Release|Any CPU
		{0558D14A-6D3B-F8BB-8C9B-23D941A401E7}.Release|Any CPU.Build.0 = Release|Any CPU
		{70971992-99D5-FDC7-61FD-1F23FA213CA7}.Debug|Any CPU.ActiveCfg = Debug|Any CPU
		{70971992-99D5-FDC7-61FD-1F23FA213CA7}.Debug|Any CPU.Build.0 = Debug|Any CPU
		{70971992-99D5-FDC7-61FD-1F23FA213CA7}.Release|Any CPU.ActiveCfg = Release|Any CPU
		{70971992-99D5-FDC7-61FD-1F23FA213CA7}.Release|Any CPU.Build.0 = Release|Any CPU
	EndGlobalSection
	GlobalSection(SolutionProperties) = preSolution
		HideSolutionNode = FALSE
	EndGlobalSection
	GlobalSection(MonoDevelopProperties) = preSolution
		StartupItem = Assembly-CSharp.csproj
	EndGlobalSection
EndGlobal
